
Microsoft Visual Studio Solution File, Format Version 12.00
# Visual Studio Version 17
VisualStudioVersion = 17.2.32630.192
MinimumVisualStudioVersion = 10.0.40219.1
Project("{FAE04EC0-301F-11D3-BF4B-00C04F79EFBC}") = "QLSV_CK_KTLT_MSSV_20206205", "QLSV_CK_KTLT_MSSV_20206205\QLSV_CK_KTLT_MSSV_20206205.csproj", "{FD1BA9D9-6D41-4EC9-9838-FDD3D4551A22}"
EndProject
Global
	GlobalSection(SolutionConfigurationPlatforms) = preSolution
		Debug|Any CPU = Debug|Any CPU
		Release|Any CPU = Release|Any CPU
	EndGlobalSection
	GlobalSection(ProjectConfigurationPlatforms) = postSolution
		{FD1BA9D9-6D41-4EC9-9838-FDD3D4551A22}.Debug|Any CPU.ActiveCfg = Debug|Any CPU
		{FD1BA9D9-6D41-4EC9-9838-FDD3D4551A22}.Debug|Any CPU.Build.0 = Debug|Any CPU
		{FD1BA9D9-6D41-4EC9-9838-FDD3D4551A22}.Release|Any CPU.ActiveCfg = Release|Any CPU
		{FD1BA9D9-6D41-4EC9-9838-FDD3D4551A22}.Release|Any CPU.Build.0 = Release|Any CPU
	EndGlobalSection
	GlobalSection(SolutionProperties) = preSolution
		HideSolutionNode = FALSE
	EndGlobalSection
	GlobalSection(ExtensibilityGlobals) = postSolution
		SolutionGuid = {2C0AF043-2289-4F32-8779-1E8CA0062F7F}
	EndGlobalSection
EndGlobal
