
Microsoft Visual Studio Solution File, Format Version 12.00
# Visual Studio Version 17
VisualStudioVersion = 17.2.32616.157
MinimumVisualStudioVersion = 10.0.40219.1
Project("{FAE04EC0-301F-11D3-BF4B-00C04F79EFBC}") = "20206205_Bai_8_1_1", "20206205_Bai_8_1_1\20206205_Bai_8_1_1.csproj", "{D2348298-4361-46BC-8694-5E2C5A8F2F61}"
EndProject
Global
	GlobalSection(SolutionConfigurationPlatforms) = preSolution
		Debug|Any CPU = Debug|Any CPU
		Release|Any CPU = Release|Any CPU
	EndGlobalSection
	GlobalSection(ProjectConfigurationPlatforms) = postSolution
		{D2348298-4361-46BC-8694-5E2C5A8F2F61}.Debug|Any CPU.ActiveCfg = Debug|Any CPU
		{D2348298-4361-46BC-8694-5E2C5A8F2F61}.Debug|Any CPU.Build.0 = Debug|Any CPU
		{D2348298-4361-46BC-8694-5E2C5A8F2F61}.Release|Any CPU.ActiveCfg = Release|Any CPU
		{D2348298-4361-46BC-8694-5E2C5A8F2F61}.Release|Any CPU.Build.0 = Release|Any CPU
	EndGlobalSection
	GlobalSection(SolutionProperties) = preSolution
		HideSolutionNode = FALSE
	EndGlobalSection
	GlobalSection(ExtensibilityGlobals) = postSolution
		SolutionGuid = {1F523840-8B13-4DD2-994E-EC4C583B43C0}
	EndGlobalSection
EndGlobal
